
Microsoft Visual Studio Solution File, Format Version 12.00
# Visual Studio Version 16
VisualStudioVersion = 16.0.30517.126
MinimumVisualStudioVersion = 10.0.40219.1
Project("{FAE04EC0-301F-11D3-BF4B-00C04F79EFBC}") = "CalculatorEventApp", "CalculatorEventApp\CalculatorEventApp.csproj", "{90F570F6-1509-4453-948E-BB2BDA3D6C75}"
EndProject
Global
	GlobalSection(SolutionConfigurationPlatforms) = preSolution
		Debug|Any CPU = Debug|Any CPU
		Release|Any CPU = Release|Any CPU
	EndGlobalSection
	GlobalSection(ProjectConfigurationPlatforms) = postSolution
		{90F570F6-1509-4453-948E-BB2BDA3D6C75}.Debug|Any CPU.ActiveCfg = Debug|Any CPU
		{90F570F6-1509-4453-948E-BB2BDA3D6C75}.Debug|Any CPU.Build.0 = Debug|Any CPU
		{90F570F6-1509-4453-948E-BB2BDA3D6C75}.Release|Any CPU.ActiveCfg = Release|Any CPU
		{90F570F6-1509-4453-948E-BB2BDA3D6C75}.Release|Any CPU.Build.0 = Release|Any CPU
	EndGlobalSection
	GlobalSection(SolutionProperties) = preSolution
		HideSolutionNode = FALSE
	EndGlobalSection
	GlobalSection(ExtensibilityGlobals) = postSolution
		SolutionGuid = {82247962-CBF5-447D-B492-1DDD7493EE65}
	EndGlobalSection
EndGlobal
